{
  "name": "invoice-product",
  "version": "0.1.0",
  "lockfileVersion": 3,
  "requires": true,
  "packages": {
    "": {
      "name": "invoice-product",
      "version": "0.1.0",
      "workspaces": [
        "apps/*",
        "ops/*",
        "packages/*"
      ],
      "dependencies": {
        "fflate": "^0.8.3",
        "pdfjs-dist": "^6.2.108",
        "pg": "^8.16.3",
        "read-excel-file": "^9.3.10"
      },
      "devDependencies": {
        "@types/node": "^24.0.0",
        "@types/pg": "^8.15.5",
        "typescript": "^5.9.0"
      },
      "engines": {
        "node": ">=22.18"
      }
    },
    "node_modules/@invoice/action-agent": {
      "resolved": "packages/action-agent",
      "link": true
    },
    "node_modules/@invoice/assistant": {
      "resolved": "packages/assistant",
      "link": true
    },
    "node_modules/@invoice/bank-feeds": {
      "resolved": "packages/bank-feeds",
      "link": true
    },
    "node_modules/@invoice/bank-reconciliation": {
      "resolved": "packages/bank-reconciliation",
      "link": true
    },
    "node_modules/@invoice/collections": {
      "resolved": "packages/collections",
      "link": true
    },
    "node_modules/@invoice/compliance-register": {
      "resolved": "packages/compliance-register",
      "link": true
    },
    "node_modules/@invoice/delivery": {
      "resolved": "packages/delivery",
      "link": true
    },
    "node_modules/@invoice/golden-dataset": {
      "resolved": "packages/golden-dataset",
      "link": true
    },
    "node_modules/@invoice/gst": {
      "resolved": "packages/gst",
      "link": true
    },
    "node_modules/@invoice/gst-calc": {
      "resolved": "packages/gst-calc",
      "link": true
    },
    "node_modules/@invoice/inventory": {
      "resolved": "packages/inventory",
      "link": true
    },
    "node_modules/@invoice/invoice-templates": {
      "resolved": "packages/invoice-templates",
      "link": true
    },
    "node_modules/@invoice/kernel": {
      "resolved": "packages/kernel",
      "link": true
    },
    "node_modules/@invoice/ledger": {
      "resolved": "packages/ledger",
      "link": true
    },
    "node_modules/@invoice/masters": {
      "resolved": "packages/masters",
      "link": true
    },
    "node_modules/@invoice/migration": {
      "resolved": "packages/migration",
      "link": true
    },
    "node_modules/@invoice/onboarding": {
      "resolved": "packages/onboarding",
      "link": true
    },
    "node_modules/@invoice/operations": {
      "resolved": "ops/operations",
      "link": true
    },
    "node_modules/@invoice/platform": {
      "resolved": "packages/platform",
      "link": true
    },
    "node_modules/@invoice/purchasing": {
      "resolved": "packages/purchasing",
      "link": true
    },
    "node_modules/@invoice/receivables": {
      "resolved": "packages/receivables",
      "link": true
    },
    "node_modules/@invoice/release-gates": {
      "resolved": "packages/release-gates",
      "link": true
    },
    "node_modules/@invoice/reports": {
      "resolved": "packages/reports",
      "link": true
    },
    "node_modules/@invoice/returns": {
      "resolved": "packages/returns",
      "link": true
    },
    "node_modules/@invoice/rules-engine": {
      "resolved": "packages/rules-engine",
      "link": true
    },
    "node_modules/@invoice/sales": {
      "resolved": "packages/sales",
      "link": true
    },
    "node_modules/@invoice/security-operations": {
      "resolved": "ops/security",
      "link": true
    },
    "node_modules/@invoice/subscriptions": {
      "resolved": "packages/subscriptions",
      "link": true
    },
    "node_modules/@invoice/trade-terms": {
      "resolved": "packages/trade-terms",
      "link": true
    },
    "node_modules/@invoice/transport": {
      "resolved": "packages/transport",
      "link": true
    },
    "node_modules/@invoice/ux-vocabulary": {
      "resolved": "packages/ux-vocabulary",
      "link": true
    },
    "node_modules/@invoice/vendor-onboarding": {
      "resolved": "ops/vendor-onboarding",
      "link": true
    },
    "node_modules/@invoice/voice-assistant": {
      "resolved": "packages/voice-assistant",
      "link": true
    },
    "node_modules/@napi-rs/canvas": {
      "version": "1.0.8",
      "resolved": "https://registry.npmjs.org/@napi-rs/canvas/-/canvas-1.0.8.tgz",
      "integrity": "sha512-/SaLcvlqGWdm0HSCWMgHu7cjJiQXfP8/mOY+6dUyV9flQz7sPBBZ+ed2zYtoukojPmxOaL7bm+d/G4GeWWoN7g==",
      "license": "MIT",
      "optional": true,
      "workspaces": [
        "e2e/*"
      ],
      "engines": {
        "node": ">= 10"
      },
      "funding": {
        "type": "github",
        "url": "https://github.com/sponsors/Brooooooklyn"
      },
      "optionalDependencies": {
        "@napi-rs/canvas-android-arm64": "1.0.8",
        "@napi-rs/canvas-darwin-arm64": "1.0.8",
        "@napi-rs/canvas-darwin-x64": "1.0.8",
        "@napi-rs/canvas-linux-arm-gnueabihf": "1.0.8",
        "@napi-rs/canvas-linux-arm64-gnu": "1.0.8",
        "@napi-rs/canvas-linux-arm64-musl": "1.0.8",
        "@napi-rs/canvas-linux-riscv64-gnu": "1.0.8",
        "@napi-rs/canvas-linux-x64-gnu": "1.0.8",
        "@napi-rs/canvas-linux-x64-musl": "1.0.8",
        "@napi-rs/canvas-win32-arm64-msvc": "1.0.8",
        "@napi-rs/canvas-win32-x64-msvc": "1.0.8"
      }
    },
    "node_modules/@napi-rs/canvas-android-arm64": {
      "version": "1.0.8",
      "resolved": "https://registry.npmjs.org/@napi-rs/canvas-android-arm64/-/canvas-android-arm64-1.0.8.tgz",
      "integrity": "sha512-5+nkh8i3gt6lqS/d2jTZ1xAn6tdgtB4Lf1mW6T0Qm5/rXNwBuV1sAEyLEWan5o9gJPU/GuvHR3rvSeZ+FaGrbw==",
      "cpu": [
        "arm64"
      ],
      "license": "MIT",
      "optional": true,
      "os": [
        "android"
      ],
      "engines": {
        "node": ">= 10"
      },
      "funding": {
        "type": "github",
        "url": "https://github.com/sponsors/Brooooooklyn"
      }
    },
    "node_modules/@napi-rs/canvas-darwin-arm64": {
      "version": "1.0.8",
      "resolved": "https://registry.npmjs.org/@napi-rs/canvas-darwin-arm64/-/canvas-darwin-arm64-1.0.8.tgz",
      "integrity": "sha512-7jQ47gi+fZ7KJmfc/5rNyy1CYw/cu4kZ0KPIYbo9UUgSdW0bKQJpt+WihEor6s4Lyp7+xc3a+3HeyXmAEbbnPg==",
      "cpu": [
        "arm64"
      ],
      "license": "MIT",
      "optional": true,
      "os": [
        "darwin"
      ],
      "engines": {
        "node": ">= 10"
      },
      "funding": {
        "type": "github",
        "url": "https://github.com/sponsors/Brooooooklyn"
      }
    },
    "node_modules/@napi-rs/canvas-darwin-x64": {
      "version": "1.0.8",
      "resolved": "https://registry.npmjs.org/@napi-rs/canvas-darwin-x64/-/canvas-darwin-x64-1.0.8.tgz",
      "integrity": "sha512-rRjDMZs9pIRKGxgijwezplKc1RnJsqUokrA9h88bbTkqQ+7ePj0ZN4ZnZDy8Vu0tXs7KRlI2tQLaK4mx9QlxHg==",
      "cpu": [
        "x64"
      ],
      "license": "MIT",
      "optional": true,
      "os": [
        "darwin"
      ],
      "engines": {
        "node": ">= 10"
      },
      "funding": {
        "type": "github",
        "url": "https://github.com/sponsors/Brooooooklyn"
      }
    },
    "node_modules/@napi-rs/canvas-linux-arm-gnueabihf": {
      "version": "1.0.8",
      "resolved": "https://registry.npmjs.org/@napi-rs/canvas-linux-arm-gnueabihf/-/canvas-linux-arm-gnueabihf-1.0.8.tgz",
      "integrity": "sha512-jGcCd+8ra6Q61xKqZeiItujTpp9a9eRLcQ0jW6qYNku+WpupqOPFPY0SrsuSnXFviJwkpKYT9p7QrB4lsf3LNQ==",
      "cpu": [
        "arm"
      ],
      "license": "MIT",
      "optional": true,
      "os": [
        "linux"
      ],
      "engines": {
        "node": ">= 10"
      },
      "funding": {
        "type": "github",
        "url": "https://github.com/sponsors/Brooooooklyn"
      }
    },
    "node_modules/@napi-rs/canvas-linux-arm64-gnu": {
      "version": "1.0.8",
      "resolved": "https://registry.npmjs.org/@napi-rs/canvas-linux-arm64-gnu/-/canvas-linux-arm64-gnu-1.0.8.tgz",
      "integrity": "sha512-od6I2Y7kU7i1SwZYG2EKW8rWz6JiedtPpko4WEe1DDsiikrfaotVBCRaUTM5/yeZKaZ92EatoAS+5xG+6uJlYA==",
      "cpu": [
        "arm64"
      ],
      "license": "MIT",
      "optional": true,
      "os": [
        "linux"
      ],
      "engines": {
        "node": ">= 10"
      },
      "funding": {
        "type": "github",
        "url": "https://github.com/sponsors/Brooooooklyn"
      }
    },
    "node_modules/@napi-rs/canvas-linux-arm64-musl": {
      "version": "1.0.8",
      "resolved": "https://registry.npmjs.org/@napi-rs/canvas-linux-arm64-musl/-/canvas-linux-arm64-musl-1.0.8.tgz",
      "integrity": "sha512-yYkPbJDJiWj6N0gASA3CAvRypZmVpJnxU0DQg3aBhneLDQde9TPLKADsQkobNoJUtTT/lj46aWpzT48PDb3Qcg==",
      "cpu": [
        "arm64"
      ],
      "license": "MIT",
      "optional": true,
      "os": [
        "linux"
      ],
      "engines": {
        "node": ">= 10"
      },
      "funding": {
        "type": "github",
        "url": "https://github.com/sponsors/Brooooooklyn"
      }
    },
    "node_modules/@napi-rs/canvas-linux-riscv64-gnu": {
      "version": "1.0.8",
      "resolved": "https://registry.npmjs.org/@napi-rs/canvas-linux-riscv64-gnu/-/canvas-linux-riscv64-gnu-1.0.8.tgz",
      "integrity": "sha512-PB00MSKAp4VwK/xwe6duKxRKmH8UH4GIl1pqHSbxng0jnU9Dr7FwaDypDiqwNFZ774N+8G7mJLGuLtg9NTcQsg==",
      "cpu": [
        "riscv64"
      ],
      "license": "MIT",
      "optional": true,
      "os": [
        "linux"
      ],
      "engines": {
        "node": ">= 10"
      },
      "funding": {
        "type": "github",
        "url": "https://github.com/sponsors/Brooooooklyn"
      }
    },
    "node_modules/@napi-rs/canvas-linux-x64-gnu": {
      "version": "1.0.8",
      "resolved": "https://registry.npmjs.org/@napi-rs/canvas-linux-x64-gnu/-/canvas-linux-x64-gnu-1.0.8.tgz",
      "integrity": "sha512-TWM2XWJoitLiIPCvgJh7SriC+L/T9qkYCVzC66AidsZy0QP1hkKzBzVwshCdcA3q6fIn3yE0ISbq4lMJSy8jFw==",
      "cpu": [
        "x64"
      ],
      "license": "MIT",
      "optional": true,
      "os": [
        "linux"
      ],
      "engines": {
        "node": ">= 10"
      },
      "funding": {
        "type": "github",
        "url": "https://github.com/sponsors/Brooooooklyn"
      }
    },
    "node_modules/@napi-rs/canvas-linux-x64-musl": {
      "version": "1.0.8",
      "resolved": "https://registry.npmjs.org/@napi-rs/canvas-linux-x64-musl/-/canvas-linux-x64-musl-1.0.8.tgz",
      "integrity": "sha512-hb20MxKXXb5IB7AAwN8UHz9WRsa2HmdZfjsDCzjElwJoeV1aotVEwFU4FrFQcYQVzsJQLeaCc/2Qdt/0Q72mMg==",
      "cpu": [
        "x64"
      ],
      "license": "MIT",
      "optional": true,
      "os": [
        "linux"
      ],
      "engines": {
        "node": ">= 10"
      },
      "funding": {
        "type": "github",
        "url": "https://github.com/sponsors/Brooooooklyn"
      }
    },
    "node_modules/@napi-rs/canvas-win32-arm64-msvc": {
      "version": "1.0.8",
      "resolved": "https://registry.npmjs.org/@napi-rs/canvas-win32-arm64-msvc/-/canvas-win32-arm64-msvc-1.0.8.tgz",
      "integrity": "sha512-WwPN08IXE4SkL+FhJyPz/iFnycMAUkbphFIT4cmKLlvbSU0Zfn1R7BGJ3Hqky1S89QUYc0Q4IOScXb/42Re9wQ==",
      "cpu": [
        "arm64"
      ],
      "license": "MIT",
      "optional": true,
      "os": [
        "win32"
      ],
      "engines": {
        "node": ">= 10"
      },
      "funding": {
        "type": "github",
        "url": "https://github.com/sponsors/Brooooooklyn"
      }
    },
    "node_modules/@napi-rs/canvas-win32-x64-msvc": {
      "version": "1.0.8",
      "resolved": "https://registry.npmjs.org/@napi-rs/canvas-win32-x64-msvc/-/canvas-win32-x64-msvc-1.0.8.tgz",
      "integrity": "sha512-XkrVqKb+pxyba7kjy2LJvABFVBTE0DNpEl7MrG4OYUmaWarrXH+t54z/Czj2YxCKtizYTV4mg6phNm3x24qjhQ==",
      "cpu": [
        "x64"
      ],
      "license": "MIT",
      "optional": true,
      "os": [
        "win32"
      ],
      "engines": {
        "node": ">= 10"
      },
      "funding": {
        "type": "github",
        "url": "https://github.com/sponsors/Brooooooklyn"
      }
    },
    "node_modules/@types/node": {
      "version": "24.13.3",
      "dev": true,
      "license": "MIT",
      "dependencies": {
        "undici-types": "~7.18.0"
      }
    },
    "node_modules/@types/pg": {
      "version": "8.23.1",
      "dev": true,
      "license": "MIT",
      "dependencies": {
        "@types/node": "*",
        "pg-protocol": "*",
        "pg-types": "^2.2.0"
      }
    },
    "node_modules/fflate": {
      "version": "0.8.3",
      "resolved": "https://registry.npmjs.org/fflate/-/fflate-0.8.3.tgz",
      "integrity": "sha512-tbZNuJrLwGUp3zshBtdy4W+ORxZuIh8a5ilyIEQDC5rY1f3U20JMry0Ll3WBzU58EZKsEuJFXhb5gwv8CsPvgA==",
      "license": "MIT"
    },
    "node_modules/graceful-fs": {
      "version": "4.2.11",
      "resolved": "https://registry.npmjs.org/graceful-fs/-/graceful-fs-4.2.11.tgz",
      "integrity": "sha512-RbJ5/jmFcNNCcDV5o9eTnBLJ/HszWV0P73bc+Ff4nS/rJj+YaS6IGyiOL0VoBYX+l1Wrl3k63h/KrH+nhJ0XvQ==",
      "license": "ISC"
    },
    "node_modules/node-int64": {
      "version": "0.4.0",
      "resolved": "https://registry.npmjs.org/node-int64/-/node-int64-0.4.0.tgz",
      "integrity": "sha512-O5lz91xSOeoXP6DulyHfllpq+Eg00MWitZIbtPfoSEvqIHdl5gfcY6hYzDWnj0qD5tz52PI08u9qUvSVeUBeHw==",
      "license": "MIT"
    },
    "node_modules/pdfjs-dist": {
      "version": "6.2.108",
      "resolved": "https://registry.npmjs.org/pdfjs-dist/-/pdfjs-dist-6.2.108.tgz",
      "integrity": "sha512-YxFb+SQcodN2rnX9Tn3dHYlqfb7NjlzzfONPpJd+AKoKtUjEdevTfbC07d5TcczzOK6261auRkP/M8OBHs9vFQ==",
      "license": "Apache-2.0",
      "engines": {
        "node": ">=22.13.0 || >=24"
      },
      "optionalDependencies": {
        "@napi-rs/canvas": "^1.0.0"
      }
    },
    "node_modules/pg": {
      "version": "8.23.0",
      "license": "MIT",
      "dependencies": {
        "pg-connection-string": "^2.14.0",
        "pg-pool": "^3.14.0",
        "pg-protocol": "^1.16.0",
        "pg-types": "2.2.0",
        "pgpass": "1.0.5"
      },
      "engines": {
        "node": ">= 16.0.0"
      },
      "optionalDependencies": {
        "pg-cloudflare": "^1.4.0"
      },
      "peerDependencies": {
        "pg-native": ">=3.0.1"
      },
      "peerDependenciesMeta": {
        "pg-native": {
          "optional": true
        }
      }
    },
    "node_modules/pg-cloudflare": {
      "version": "1.4.0",
      "license": "MIT",
      "optional": true
    },
    "node_modules/pg-connection-string": {
      "version": "2.14.0",
      "license": "MIT"
    },
    "node_modules/pg-int8": {
      "version": "1.0.1",
      "license": "ISC",
      "engines": {
        "node": ">=4.0.0"
      }
    },
    "node_modules/pg-pool": {
      "version": "3.14.0",
      "license": "MIT",
      "peerDependencies": {
        "pg": ">=8.0"
      }
    },
    "node_modules/pg-protocol": {
      "version": "1.16.0",
      "license": "MIT"
    },
    "node_modules/pg-types": {
      "version": "2.2.0",
      "license": "MIT",
      "dependencies": {
        "pg-int8": "1.0.1",
        "postgres-array": "~2.0.0",
        "postgres-bytea": "~1.0.0",
        "postgres-date": "~1.0.4",
        "postgres-interval": "^1.1.0"
      },
      "engines": {
        "node": ">=4"
      }
    },
    "node_modules/pgpass": {
      "version": "1.0.5",
      "license": "MIT",
      "dependencies": {
        "split2": "^4.1.0"
      }
    },
    "node_modules/postgres-array": {
      "version": "2.0.0",
      "license": "MIT",
      "engines": {
        "node": ">=4"
      }
    },
    "node_modules/postgres-bytea": {
      "version": "1.0.1",
      "license": "MIT",
      "engines": {
        "node": ">=0.10.0"
      }
    },
    "node_modules/postgres-date": {
      "version": "1.0.7",
      "license": "MIT",
      "engines": {
        "node": ">=0.10.0"
      }
    },
    "node_modules/postgres-interval": {
      "version": "1.2.0",
      "license": "MIT",
      "dependencies": {
        "xtend": "^4.0.0"
      },
      "engines": {
        "node": ">=0.10.0"
      }
    },
    "node_modules/read-excel-file": {
      "version": "9.3.10",
      "resolved": "https://registry.npmjs.org/read-excel-file/-/read-excel-file-9.3.10.tgz",
      "integrity": "sha512-zFcBdzunLCGBmLRT4Q3mLPJnhKPAXXfGAZ83feODlEqX2aRUbgF1h/n2oY0UF7I8tVwnJNRas6fTRD5veDUs+g==",
      "license": "MIT",
      "dependencies": {
        "fflate": "^0.8.3",
        "saxen": "^11.1.0",
        "unzipper-esm": "^0.13.3",
        "worker-f": "^0.1.12"
      },
      "engines": {
        "node": ">=18"
      }
    },
    "node_modules/saxen": {
      "version": "11.1.1",
      "resolved": "https://registry.npmjs.org/saxen/-/saxen-11.1.1.tgz",
      "integrity": "sha512-J4BkmJFaM7VgE7pgkFGsNEcqqM3h7+Mz80vfLWFhx7uNOCOXIu6LLjQHYWNejdst3pf/3JUaBIG9+pkk1umlow==",
      "license": "MIT",
      "engines": {
        "node": ">= 20.12"
      }
    },
    "node_modules/split2": {
      "version": "4.2.0",
      "license": "ISC",
      "engines": {
        "node": ">= 10.x"
      }
    },
    "node_modules/typescript": {
      "version": "5.9.3",
      "dev": true,
      "license": "Apache-2.0",
      "bin": {
        "tsc": "bin/tsc",
        "tsserver": "bin/tsserver"
      },
      "engines": {
        "node": ">=14.17"
      }
    },
    "node_modules/undici-types": {
      "version": "7.18.2",
      "dev": true,
      "license": "MIT"
    },
    "node_modules/unzipper-esm": {
      "version": "0.13.3",
      "resolved": "https://registry.npmjs.org/unzipper-esm/-/unzipper-esm-0.13.3.tgz",
      "integrity": "sha512-LUO6VZ6fCzkDbdMev0/fOhoIeVGKaOkTIOoYxVLE0SQjfvmAHK+oywl7lfhloSZIsdGJ25mJ18Mtd9CyTASjrA==",
      "license": "MIT",
      "dependencies": {
        "graceful-fs": "^4.2.2",
        "node-int64": "^0.4.0"
      },
      "engines": {
        "node": ">=8.0.0"
      }
    },
    "node_modules/worker-f": {
      "version": "0.1.20",
      "resolved": "https://registry.npmjs.org/worker-f/-/worker-f-0.1.20.tgz",
      "integrity": "sha512-7z5K5z4x++FykhpDTfriT/dOu7CmSap9BBv38DVFU3CD38obopq+DoFH75yBV3butpGm+OeqR9BKdSvYJSnUfQ==",
      "license": "MIT",
      "engines": {
        "node": ">=12"
      }
    },
    "node_modules/xtend": {
      "version": "4.0.2",
      "license": "MIT",
      "engines": {
        "node": ">=0.4"
      }
    },
    "ops/operations": {
      "name": "@invoice/operations",
      "version": "1.0.0"
    },
    "ops/security": {
      "name": "@invoice/security-operations"
    },
    "ops/vendor-onboarding": {
      "name": "@invoice/vendor-onboarding",
      "version": "1.0.0"
    },
    "packages/action-agent": {
      "name": "@invoice/action-agent",
      "version": "1.0.0"
    },
    "packages/assistant": {
      "name": "@invoice/assistant",
      "version": "1.0.0"
    },
    "packages/bank-feeds": {
      "name": "@invoice/bank-feeds",
      "version": "1.0.0"
    },
    "packages/bank-reconciliation": {
      "name": "@invoice/bank-reconciliation",
      "version": "1.0.0"
    },
    "packages/collections": {
      "name": "@invoice/collections",
      "version": "1.0.0"
    },
    "packages/compliance-register": {
      "name": "@invoice/compliance-register",
      "version": "1.0.0"
    },
    "packages/delivery": {
      "name": "@invoice/delivery",
      "version": "1.0.0"
    },
    "packages/golden-dataset": {
      "name": "@invoice/golden-dataset",
      "version": "1.0.0"
    },
    "packages/gst": {
      "name": "@invoice/gst",
      "version": "1.0.0"
    },
    "packages/gst-calc": {
      "name": "@invoice/gst-calc",
      "version": "1.0.0"
    },
    "packages/inventory": {
      "name": "@invoice/inventory",
      "version": "1.0.0"
    },
    "packages/invoice-templates": {
      "name": "@invoice/invoice-templates",
      "version": "1.0.0"
    },
    "packages/kernel": {
      "name": "@invoice/kernel",
      "version": "1.0.0"
    },
    "packages/ledger": {
      "name": "@invoice/ledger",
      "version": "1.0.0"
    },
    "packages/masters": {
      "name": "@invoice/masters"
    },
    "packages/migration": {
      "name": "@invoice/migration",
      "version": "1.0.0"
    },
    "packages/onboarding": {
      "name": "@invoice/onboarding",
      "version": "1.0.0"
    },
    "packages/platform": {
      "name": "@invoice/platform"
    },
    "packages/purchasing": {
      "name": "@invoice/purchasing"
    },
    "packages/receivables": {
      "name": "@invoice/receivables",
      "version": "1.0.0"
    },
    "packages/release-gates": {
      "name": "@invoice/release-gates",
      "version": "1.0.0"
    },
    "packages/reports": {
      "name": "@invoice/reports",
      "version": "1.0.0"
    },
    "packages/returns": {
      "name": "@invoice/returns",
      "version": "1.0.0"
    },
    "packages/rules-engine": {
      "name": "@invoice/rules-engine",
      "version": "1.0.0"
    },
    "packages/sales": {
      "name": "@invoice/sales",
      "version": "1.0.0"
    },
    "packages/subscriptions": {
      "name": "@invoice/subscriptions",
      "version": "1.0.0"
    },
    "packages/trade-terms": {
      "name": "@invoice/trade-terms",
      "version": "1.0.0"
    },
    "packages/transport": {
      "name": "@invoice/transport",
      "version": "1.0.0"
    },
    "packages/ux-vocabulary": {
      "name": "@invoice/ux-vocabulary",
      "version": "1.0.0"
    },
    "packages/voice-assistant": {
      "name": "@invoice/voice-assistant",
      "version": "1.0.0"
    }
  }
}
