{
  "name": "invoice-product",
  "version": "0.1.0",
  "lockfileVersion": 3,
  "requires": true,
  "packages": {
    "": {
      "name": "invoice-product",
      "version": "0.1.0",
      "workspaces": [
        "apps/*",
        "packages/*"
      ],
      "dependencies": {
        "fflate": "^0.8.3",
        "pg": "^8.16.3",
        "read-excel-file": "^9.3.10"
      },
      "devDependencies": {
        "@types/node": "^24.0.0",
        "@types/pg": "^8.15.5",
        "typescript": "^5.9.0"
      },
      "engines": {
        "node": ">=22.18"
      }
    },
    "node_modules/@invoice/kernel": {
      "resolved": "packages/kernel",
      "link": true
    },
    "node_modules/@invoice/ledger": {
      "resolved": "packages/ledger",
      "link": true
    },
    "node_modules/@invoice/platform": {
      "resolved": "packages/platform",
      "link": true
    },
    "node_modules/@invoice/rules-engine": {
      "resolved": "packages/rules-engine",
      "link": true
    },
    "node_modules/@invoice/ux-vocabulary": {
      "resolved": "packages/ux-vocabulary",
      "link": true
    },
    "node_modules/@types/node": {
      "version": "24.13.3",
      "dev": true,
      "license": "MIT",
      "dependencies": {
        "undici-types": "~7.18.0"
      }
    },
    "node_modules/@types/pg": {
      "version": "8.23.1",
      "dev": true,
      "license": "MIT",
      "dependencies": {
        "@types/node": "*",
        "pg-protocol": "*",
        "pg-types": "^2.2.0"
      }
    },
    "node_modules/fflate": {
      "version": "0.8.3",
      "resolved": "https://registry.npmjs.org/fflate/-/fflate-0.8.3.tgz",
      "integrity": "sha512-tbZNuJrLwGUp3zshBtdy4W+ORxZuIh8a5ilyIEQDC5rY1f3U20JMry0Ll3WBzU58EZKsEuJFXhb5gwv8CsPvgA==",
      "license": "MIT"
    },
    "node_modules/graceful-fs": {
      "version": "4.2.11",
      "resolved": "https://registry.npmjs.org/graceful-fs/-/graceful-fs-4.2.11.tgz",
      "integrity": "sha512-RbJ5/jmFcNNCcDV5o9eTnBLJ/HszWV0P73bc+Ff4nS/rJj+YaS6IGyiOL0VoBYX+l1Wrl3k63h/KrH+nhJ0XvQ==",
      "license": "ISC"
    },
    "node_modules/node-int64": {
      "version": "0.4.0",
      "resolved": "https://registry.npmjs.org/node-int64/-/node-int64-0.4.0.tgz",
      "integrity": "sha512-O5lz91xSOeoXP6DulyHfllpq+Eg00MWitZIbtPfoSEvqIHdl5gfcY6hYzDWnj0qD5tz52PI08u9qUvSVeUBeHw==",
      "license": "MIT"
    },
    "node_modules/pg": {
      "version": "8.23.0",
      "license": "MIT",
      "dependencies": {
        "pg-connection-string": "^2.14.0",
        "pg-pool": "^3.14.0",
        "pg-protocol": "^1.16.0",
        "pg-types": "2.2.0",
        "pgpass": "1.0.5"
      },
      "engines": {
        "node": ">= 16.0.0"
      },
      "optionalDependencies": {
        "pg-cloudflare": "^1.4.0"
      },
      "peerDependencies": {
        "pg-native": ">=3.0.1"
      },
      "peerDependenciesMeta": {
        "pg-native": {
          "optional": true
        }
      }
    },
    "node_modules/pg-cloudflare": {
      "version": "1.4.0",
      "license": "MIT",
      "optional": true
    },
    "node_modules/pg-connection-string": {
      "version": "2.14.0",
      "license": "MIT"
    },
    "node_modules/pg-int8": {
      "version": "1.0.1",
      "license": "ISC",
      "engines": {
        "node": ">=4.0.0"
      }
    },
    "node_modules/pg-pool": {
      "version": "3.14.0",
      "license": "MIT",
      "peerDependencies": {
        "pg": ">=8.0"
      }
    },
    "node_modules/pg-protocol": {
      "version": "1.16.0",
      "license": "MIT"
    },
    "node_modules/pg-types": {
      "version": "2.2.0",
      "license": "MIT",
      "dependencies": {
        "pg-int8": "1.0.1",
        "postgres-array": "~2.0.0",
        "postgres-bytea": "~1.0.0",
        "postgres-date": "~1.0.4",
        "postgres-interval": "^1.1.0"
      },
      "engines": {
        "node": ">=4"
      }
    },
    "node_modules/pgpass": {
      "version": "1.0.5",
      "license": "MIT",
      "dependencies": {
        "split2": "^4.1.0"
      }
    },
    "node_modules/postgres-array": {
      "version": "2.0.0",
      "license": "MIT",
      "engines": {
        "node": ">=4"
      }
    },
    "node_modules/postgres-bytea": {
      "version": "1.0.1",
      "license": "MIT",
      "engines": {
        "node": ">=0.10.0"
      }
    },
    "node_modules/postgres-date": {
      "version": "1.0.7",
      "license": "MIT",
      "engines": {
        "node": ">=0.10.0"
      }
    },
    "node_modules/postgres-interval": {
      "version": "1.2.0",
      "license": "MIT",
      "dependencies": {
        "xtend": "^4.0.0"
      },
      "engines": {
        "node": ">=0.10.0"
      }
    },
    "node_modules/read-excel-file": {
      "version": "9.3.10",
      "resolved": "https://registry.npmjs.org/read-excel-file/-/read-excel-file-9.3.10.tgz",
      "integrity": "sha512-zFcBdzunLCGBmLRT4Q3mLPJnhKPAXXfGAZ83feODlEqX2aRUbgF1h/n2oY0UF7I8tVwnJNRas6fTRD5veDUs+g==",
      "license": "MIT",
      "dependencies": {
        "fflate": "^0.8.3",
        "saxen": "^11.1.0",
        "unzipper-esm": "^0.13.3",
        "worker-f": "^0.1.12"
      },
      "engines": {
        "node": ">=18"
      }
    },
    "node_modules/saxen": {
      "version": "11.1.1",
      "resolved": "https://registry.npmjs.org/saxen/-/saxen-11.1.1.tgz",
      "integrity": "sha512-J4BkmJFaM7VgE7pgkFGsNEcqqM3h7+Mz80vfLWFhx7uNOCOXIu6LLjQHYWNejdst3pf/3JUaBIG9+pkk1umlow==",
      "license": "MIT",
      "engines": {
        "node": ">= 20.12"
      }
    },
    "node_modules/split2": {
      "version": "4.2.0",
      "license": "ISC",
      "engines": {
        "node": ">= 10.x"
      }
    },
    "node_modules/typescript": {
      "version": "5.9.3",
      "dev": true,
      "license": "Apache-2.0",
      "bin": {
        "tsc": "bin/tsc",
        "tsserver": "bin/tsserver"
      },
      "engines": {
        "node": ">=14.17"
      }
    },
    "node_modules/undici-types": {
      "version": "7.18.2",
      "dev": true,
      "license": "MIT"
    },
    "node_modules/unzipper-esm": {
      "version": "0.13.3",
      "resolved": "https://registry.npmjs.org/unzipper-esm/-/unzipper-esm-0.13.3.tgz",
      "integrity": "sha512-LUO6VZ6fCzkDbdMev0/fOhoIeVGKaOkTIOoYxVLE0SQjfvmAHK+oywl7lfhloSZIsdGJ25mJ18Mtd9CyTASjrA==",
      "license": "MIT",
      "dependencies": {
        "graceful-fs": "^4.2.2",
        "node-int64": "^0.4.0"
      },
      "engines": {
        "node": ">=8.0.0"
      }
    },
    "node_modules/worker-f": {
      "version": "0.1.20",
      "resolved": "https://registry.npmjs.org/worker-f/-/worker-f-0.1.20.tgz",
      "integrity": "sha512-7z5K5z4x++FykhpDTfriT/dOu7CmSap9BBv38DVFU3CD38obopq+DoFH75yBV3butpGm+OeqR9BKdSvYJSnUfQ==",
      "license": "MIT",
      "engines": {
        "node": ">=12"
      }
    },
    "node_modules/xtend": {
      "version": "4.0.2",
      "license": "MIT",
      "engines": {
        "node": ">=0.4"
      }
    },
    "packages/kernel": {
      "name": "@invoice/kernel",
      "version": "1.0.0"
    },
    "packages/ledger": {
      "name": "@invoice/ledger",
      "version": "1.0.0"
    },
    "packages/platform": {
      "name": "@invoice/platform"
    },
    "packages/rules-engine": {
      "name": "@invoice/rules-engine",
      "version": "1.0.0"
    },
    "packages/ux-vocabulary": {
      "name": "@invoice/ux-vocabulary",
      "version": "1.0.0"
    }
  }
}
